[[tools.bun]]
version = "1.3.11"
backend = "core:bun"

[[tools.hk]]
version = "1.40.0"
backend = "aqua:jdx/hk"

[[tools.node]]
version = "25.9.0"
backend = "core:node"

[[tools."npm:@sourcegraph/amp"]]
version = "0.0.1775318725-g13b193"
backend = "npm:@sourcegraph/amp"

[[tools."npm:opencode-ai"]]
version = "1.3.13"
backend = "npm:opencode-ai"

[[tools."npm:oxfmt"]]
version = "0.43.0"
backend = "npm:oxfmt"

[[tools."npm:oxlint"]]
version = "1.58.0"
backend = "npm:oxlint"

[[tools.pkl]]
version = "0.31.1"
backend = "aqua:apple/pkl"
